
Microsoft Visual Studio Solution File, Format Version 12.00
# Visual Studio Version 16
VisualStudioVersion = 16.0.31624.102
MinimumVisualStudioVersion = 10.0.40219.1
Project("{FAE04EC0-301F-11D3-BF4B-00C04F79EFBC}") = "SpaceFighters", "SpaceFighters\SpaceFighters.csproj", "{A8E01557-EA03-4224-8FAB-2326ABB6648E}"
EndProject
Global
	GlobalSection(SolutionConfigurationPlatforms) = preSolution
		Debug|Any CPU = Debug|Any CPU
		Release|Any CPU = Release|Any CPU
	EndGlobalSection
	GlobalSection(ProjectConfigurationPlatforms) = postSolution
		{A8E01557-EA03-4224-8FAB-2326ABB6648E}.Debug|Any CPU.ActiveCfg = Debug|Any CPU
		{A8E01557-EA03-4224-8FAB-2326ABB6648E}.Debug|Any CPU.Build.0 = Debug|Any CPU
		{A8E01557-EA03-4224-8FAB-2326ABB6648E}.Release|Any CPU.ActiveCfg = Release|Any CPU
		{A8E01557-EA03-4224-8FAB-2326ABB6648E}.Release|Any CPU.Build.0 = Release|Any CPU
	EndGlobalSection
	GlobalSection(SolutionProperties) = preSolution
		HideSolutionNode = FALSE
	EndGlobalSection
	GlobalSection(ExtensibilityGlobals) = postSolution
		SolutionGuid = {82776451-C35D-4CD5-85D2-72A3DDAB4F4E}
	EndGlobalSection
EndGlobal
